
Microsoft Visual Studio Solution File, Format Version 11.00
# Visual Studio 2010
# SharpDevelop 5.1
Project("{FAE04EC0-301F-11D3-BF4B-00C04F79EFBC}") = "Tugas 3 PV", "Tugas 2 PV\Tugas 3 PV.csproj", "{513BCD11-1352-4832-B50A-2DCA345D5CC4}"
EndProject
Global
	GlobalSection(SolutionConfigurationPlatforms) = preSolution
		Debug|Any CPU = Debug|Any CPU
		Release|Any CPU = Release|Any CPU
	EndGlobalSection
	GlobalSection(ProjectConfigurationPlatforms) = postSolution
		{513BCD11-1352-4832-B50A-2DCA345D5CC4}.Debug|Any CPU.ActiveCfg = Debug|Any CPU
		{513BCD11-1352-4832-B50A-2DCA345D5CC4}.Debug|Any CPU.Build.0 = Debug|Any CPU
		{513BCD11-1352-4832-B50A-2DCA345D5CC4}.Release|Any CPU.ActiveCfg = Release|Any CPU
		{513BCD11-1352-4832-B50A-2DCA345D5CC4}.Release|Any CPU.Build.0 = Release|Any CPU
	EndGlobalSection
EndGlobal
